// !$*UTF8*$!
{
	archiveVersion = 1;
	classes = {
	};
	objectVersion = 46;
	objects = {

/* Begin PBXBuildFile section */
		105922421D5988310044DB8A /* AppDelegate.swift in Sources */ = {isa = PBXBuildFile; fileRef = 105922411D5988310044DB8A /* AppDelegate.swift */; };
		105922441D5988310044DB8A /* ViewController.swift in Sources */ = {isa = PBXBuildFile; fileRef = 105922431D5988310044DB8A /* ViewController.swift */; };
		105922471D5988310044DB8A /* Main.storyboard in Resources */ = {isa = PBXBuildFile; fileRef = 105922451D5988310044DB8A /* Main.storyboard */; };
		105922491D5988310044DB8A /* Assets.xcassets in Resources */ = {isa = PBXBuildFile; fileRef = 105922481D5988310044DB8A /* Assets.xcassets */; };
		1059224C1D5988310044DB8A /* LaunchScreen.storyboard in Resources */ = {isa = PBXBuildFile; fileRef = 1059224A1D5988310044DB8A /* LaunchScreen.storyboard */; };
		E43757FA1EC187F100086B36 /* CocoaAsyncSocket.framework in Frameworks */ = {isa = PBXBuildFile; fileRef = E43757F71EC187F100086B36 /* CocoaAsyncSocket.framework */; };
		E43757FB1EC187F100086B36 /* CocoaAsyncSocket.framework in Embed Frameworks */ = {isa = PBXBuildFile; fileRef = E43757F71EC187F100086B36 /* CocoaAsyncSocket.framework */; settings = {ATTRIBUTES = (CodeSignOnCopy, RemoveHeadersOnCopy, ); }; };
		E43757FC1EC187F100086B36 /* SwiftyJSON.framework in Frameworks */ = {isa = PBXBuildFile; fileRef = E43757F81EC187F100086B36 /* SwiftyJSON.framework */; };
		E43757FD1EC187F100086B36 /* SwiftyJSON.framework in Embed Frameworks */ = {isa = PBXBuildFile; fileRef = E43757F81EC187F100086B36 /* SwiftyJSON.framework */; settings = {ATTRIBUTES = (CodeSignOnCopy, RemoveHeadersOnCopy, ); }; };
		E43757FE1EC187F100086B36 /* YICameraSDK.framework in Frameworks */ = {isa = PBXBuildFile; fileRef = E43757F91EC187F100086B36 /* YICameraSDK.framework */; };
		E43757FF1EC187F100086B36 /* YICameraSDK.framework in Embed Frameworks */ = {isa = PBXBuildFile; fileRef = E43757F91EC187F100086B36 /* YICameraSDK.framework */; settings = {ATTRIBUTES = (CodeSignOnCopy, RemoveHeadersOnCopy, ); }; };
/* End PBXBuildFile section */

/* Begin PBXCopyFilesBuildPhase section */
		E43758001EC187F100086B36 /* Embed Frameworks */ = {
			isa = PBXCopyFilesBuildPhase;
			buildActionMask = 2147483647;
			dstPath = "";
			dstSubfolderSpec = 10;
			files = (
				E43757FD1EC187F100086B36 /* SwiftyJSON.framework in Embed Frameworks */,
				E43757FB1EC187F100086B36 /* CocoaAsyncSocket.framework in Embed Frameworks */,
				E43757FF1EC187F100086B36 /* YICameraSDK.framework in Embed Frameworks */,
			);
			name = "Embed Frameworks";
			runOnlyForDeploymentPostprocessing = 0;
		};
/* End PBXCopyFilesBuildPhase section */

/* Begin PBXFileReference section */
		1059223E1D5988310044DB8A /* CameraDemo.app */ = {isa = PBXFileReference; explicitFileType = wrapper.application; includeInIndex = 0; path = CameraDemo.app; sourceTree = BUILT_PRODUCTS_DIR; };
		105922411D5988310044DB8A /* AppDelegate.swift */ = {isa = PBXFileReference; lastKnownFileType = sourcecode.swift; path = AppDelegate.swift; sourceTree = "<group>"; };
		105922431D5988310044DB8A /* ViewController.swift */ = {isa = PBXFileReference; lastKnownFileType = sourcecode.swift; path = ViewController.swift; sourceTree = "<group>"; };
		105922461D5988310044DB8A /* Base */ = {isa = PBXFileReference; lastKnownFileType = file.storyboard; name = Base; path = Base.lproj/Main.storyboard; sourceTree = "<group>"; };
		105922481D5988310044DB8A /* Assets.xcassets */ = {isa = PBXFileReference; lastKnownFileType = folder.assetcatalog; path = Assets.xcassets; sourceTree = "<group>"; };
		1059224B1D5988310044DB8A /* Base */ = {isa = PBXFileReference; lastKnownFileType = file.storyboard; name = Base; path = Base.lproj/LaunchScreen.storyboard; sourceTree = "<group>"; };
		1059224D1D5988310044DB8A /* Info.plist */ = {isa = PBXFileReference; lastKnownFileType = text.plist.xml; path = Info.plist; sourceTree = "<group>"; };
		E43757F71EC187F100086B36 /* CocoaAsyncSocket.framework */ = {isa = PBXFileReference; lastKnownFileType = wrapper.framework; name = CocoaAsyncSocket.framework; path = ../framework/iphonesimulator/CocoaAsyncSocket.framework; sourceTree = "<group>"; };
		E43757F81EC187F100086B36 /* SwiftyJSON.framework */ = {isa = PBXFileReference; lastKnownFileType = wrapper.framework; name = SwiftyJSON.framework; path = ../framework/iphonesimulator/SwiftyJSON.framework; sourceTree = "<group>"; };
		E43757F91EC187F100086B36 /* YICameraSDK.framework */ = {isa = PBXFileReference; lastKnownFileType = wrapper.framework; name = YICameraSDK.framework; path = ../framework/iphonesimulator/YICameraSDK.framework; sourceTree = "<group>"; };
/* End PBXFileReference section */

/* Begin PBXFrameworksBuildPhase section */
		1059223B1D5988310044DB8A /* Frameworks */ = {
			isa = PBXFrameworksBuildPhase;
			buildActionMask = 2147483647;
			files = (
				E43757FC1EC187F100086B36 /* SwiftyJSON.framework in Frameworks */,
				E43757FA1EC187F100086B36 /* CocoaAsyncSocket.framework in Frameworks */,
				E43757FE1EC187F100086B36 /* YICameraSDK.framework in Frameworks */,
			);
			runOnlyForDeploymentPostprocessing = 0;
		};
/* End PBXFrameworksBuildPhase section */

/* Begin PBXGroup section */
		105922351D5988310044DB8A = {
			isa = PBXGroup;
			children = (
				E43757F71EC187F100086B36 /* CocoaAsyncSocket.framework */,
				E43757F81EC187F100086B36 /* SwiftyJSON.framework */,
				E43757F91EC187F100086B36 /* YICameraSDK.framework */,
				105922401D5988310044DB8A /* CameraDemo */,
				1059223F1D5988310044DB8A /* Products */,
			);
			sourceTree = "<group>";
		};
		1059223F1D5988310044DB8A /* Products */ = {
			isa = PBXGroup;
			children = (
				1059223E1D5988310044DB8A /* CameraDemo.app */,
			);
			name = Products;
			sourceTree = "<group>";
		};
		105922401D5988310044DB8A /* CameraDemo */ = {
			isa = PBXGroup;
			children = (
				105922411D5988310044DB8A /* AppDelegate.swift */,
				105922431D5988310044DB8A /* ViewController.swift */,
				105922451D5988310044DB8A /* Main.storyboard */,
				105922481D5988310044DB8A /* Assets.xcassets */,
				1059224A1D5988310044DB8A /* LaunchScreen.storyboard */,
				1059224D1D5988310044DB8A /* Info.plist */,
			);
			path = CameraDemo;
			sourceTree = "<group>";
		};
/* End PBXGroup section */

/* Begin PBXNativeTarget section */
		1059223D1D5988310044DB8A /* CameraDemo */ = {
			isa = PBXNativeTarget;
			buildConfigurationList = 105922501D5988310044DB8A /* Build configuration list for PBXNativeTarget "CameraDemo" */;
			buildPhases = (
				1059223A1D5988310044DB8A /* Sources */,
				1059223B1D5988310044DB8A /* Frameworks */,
				1059223C1D5988310044DB8A /* Resources */,
				E43758001EC187F100086B36 /* Embed Frameworks */,
			);
			buildRules = (
			);
			dependencies = (
			);
			name = CameraDemo;
			productName = CameraDemo;
			productReference = 1059223E1D5988310044DB8A /* CameraDemo.app */;
			productType = "com.apple.product-type.application";
		};
/* End PBXNativeTarget section */

/* Begin PBXProject section */
		105922361D5988310044DB8A /* Project object */ = {
			isa = PBXProject;
			attributes = {
				LastSwiftUpdateCheck = 0730;
				LastUpgradeCheck = 0730;
				ORGANIZATIONNAME = xiaoyi;
				TargetAttributes = {
					1059223D1D5988310044DB8A = {
						CreatedOnToolsVersion = 7.3.1;
						LastSwiftMigration = 0800;
					};
				};
			};
			buildConfigurationList = 105922391D5988310044DB8A /* Build configuration list for PBXProject "CameraDemo" */;
			compatibilityVersion = "Xcode 3.2";
			developmentRegion = English;
			hasScannedForEncodings = 0;
			knownRegions = (
				en,
				Base,
			);
			mainGroup = 105922351D5988310044DB8A;
			productRefGroup = 1059223F1D5988310044DB8A /* Products */;
			projectDirPath = "";
			projectRoot = "";
			targets = (
				1059223D1D5988310044DB8A /* CameraDemo */,
			);
		};
/* End PBXProject section */

/* Begin PBXResourcesBuildPhase section */
		1059223C1D5988310044DB8A /* Resources */ = {
			isa = PBXResourcesBuildPhase;
			buildActionMask = 2147483647;
			files = (
				1059224C1D5988310044DB8A /* LaunchScreen.storyboard in Resources */,
				105922491D5988310044DB8A /* Assets.xcassets in Resources */,
				105922471D5988310044DB8A /* Main.storyboard in Resources */,
			);
			runOnlyForDeploymentPostprocessing = 0;
		};
/* End PBXResourcesBuildPhase section */

/* Begin PBXSourcesBuildPhase section */
		1059223A1D5988310044DB8A /* Sources */ = {
			isa = PBXSourcesBuildPhase;
			buildActionMask = 2147483647;
			files = (
				105922441D5988310044DB8A /* ViewController.swift in Sources */,
				105922421D5988310044DB8A /* AppDelegate.swift in Sources */,
			);
			runOnlyForDeploymentPostprocessing = 0;
		};
/* End PBXSourcesBuildPhase section */

/* Begin PBXVariantGroup section */
		105922451D5988310044DB8A /* Main.storyboard */ = {
			isa = PBXVariantGroup;
			children = (
				105922461D5988310044DB8A /* Base */,
			);
			name = Main.storyboard;
			sourceTree = "<group>";
		};
		1059224A1D5988310044DB8A /* LaunchScreen.storyboard */ = {
			isa = PBXVariantGroup;
			children = (
				1059224B1D5988310044DB8A /* Base */,
			);
			name = LaunchScreen.storyboard;
			sourceTree = "<group>";
		};
/* End PBXVariantGroup section */

/* Begin XCBuildConfiguration section */
		1059224E1D5988310044DB8A /* Debug */ = {
			isa = XCBuildConfiguration;
			buildSettings = {
				ALWAYS_SEARCH_USER_PATHS = NO;
				CLANG_ANALYZER_NONNULL = YES;
				CLANG_CXX_LANGUAGE_STANDARD = "gnu++0x";
				CLANG_CXX_LIBRARY = "libc++";
				CLANG_ENABLE_MODULES = YES;
				CLANG_ENABLE_OBJC_ARC = YES;
				CLANG_WARN_BOOL_CONVERSION = YES;
				CLANG_WARN_CONSTANT_CONVERSION = YES;
				CLANG_WARN_DIRECT_OBJC_ISA_USAGE = YES_ERROR;
				CLANG_WARN_EMPTY_BODY = YES;
				CLANG_WARN_ENUM_CONVERSION = YES;
				CLANG_WARN_INT_CONVERSION = YES;
				CLANG_WARN_OBJC_ROOT_CLASS = YES_ERROR;
				CLANG_WARN_UNREACHABLE_CODE = YES;
				CLANG_WARN__DUPLICATE_METHOD_MATCH = YES;
				"CODE_SIGN_IDENTITY[sdk=iphoneos*]" = "iPhone Developer";
				COPY_PHASE_STRIP = NO;
				DEBUG_INFORMATION_FORMAT = dwarf;
				ENABLE_STRICT_OBJC_MSGSEND = YES;
				ENABLE_TESTABILITY = YES;
				GCC_C_LANGUAGE_STANDARD = gnu99;
				GCC_DYNAMIC_NO_PIC = NO;
				GCC_NO_COMMON_BLOCKS = YES;
				GCC_OPTIMIZATION_LEVEL = 0;
				GCC_PREPROCESSOR_DEFINITIONS = (
					"DEBUG=1",
					"$(inherited)",
				);
				GCC_WARN_64_TO_32_BIT_CONVERSION = YES;
				GCC_WARN_ABOUT_RETURN_TYPE = YES_ERROR;
				GCC_WARN_UNDECLARED_SELECTOR = YES;
				GCC_WARN_UNINITIALIZED_AUTOS = YES_AGGRESSIVE;
				GCC_WARN_UNUSED_FUNCTION = YES;
				GCC_WARN_UNUSED_VARIABLE = YES;
				IPHONEOS_DEPLOYMENT_TARGET = 9.3;
				MTL_ENABLE_DEBUG_INFO = YES;
				ONLY_ACTIVE_ARCH = YES;
				SDKROOT = iphoneos;
				SWIFT_OPTIMIZATION_LEVEL = "-Onone";
			};
			name = Debug;
		};
		1059224F1D5988310044DB8A /* Release */ = {
			isa = XCBuildConfiguration;
			buildSettings = {
				ALWAYS_SEARCH_USER_PATHS = NO;
				CLANG_ANALYZER_NONNULL = YES;
				CLANG_CXX_LANGUAGE_STANDARD = "gnu++0x";
				CLANG_CXX_LIBRARY = "libc++";
				CLANG_ENABLE_MODULES = YES;
				CLANG_ENABLE_OBJC_ARC = YES;
				CLANG_WARN_BOOL_CONVERSION = YES;
				CLANG_WARN_CONSTANT_CONVERSION = YES;
				CLANG_WARN_DIRECT_OBJC_ISA_USAGE = YES_ERROR;
				CLANG_WARN_EMPTY_BODY = YES;
				CLANG_WARN_ENUM_CONVERSION = YES;
				CLANG_WARN_INT_CONVERSION = YES;
				CLANG_WARN_OBJC_ROOT_CLASS = YES_ERROR;
				CLANG_WARN_UNREACHABLE_CODE = YES;
				CLANG_WARN__DUPLICATE_METHOD_MATCH = YES;
				"CODE_SIGN_IDENTITY[sdk=iphoneos*]" = "iPhone Developer";
				COPY_PHASE_STRIP = NO;
				DEBUG_INFORMATION_FORMAT = "dwarf-with-dsym";
				ENABLE_NS_ASSERTIONS = NO;
				ENABLE_STRICT_OBJC_MSGSEND = YES;
				GCC_C_LANGUAGE_STANDARD = gnu99;
				GCC_NO_COMMON_BLOCKS = YES;
				GCC_WARN_64_TO_32_BIT_CONVERSION = YES;
				GCC_WARN_ABOUT_RETURN_TYPE = YES_ERROR;
				GCC_WARN_UNDECLARED_SELECTOR = YES;
				GCC_WARN_UNINITIALIZED_AUTOS = YES_AGGRESSIVE;
				GCC_WARN_UNUSED_FUNCTION = YES;
				GCC_WARN_UNUSED_VARIABLE = YES;
				IPHONEOS_DEPLOYMENT_TARGET = 9.3;
				MTL_ENABLE_DEBUG_INFO = NO;
				SDKROOT = iphoneos;
				VALIDATE_PRODUCT = YES;
			};
			name = Release;
		};
		105922511D5988310044DB8A /* Debug */ = {
			isa = XCBuildConfiguration;
			buildSettings = {
				ASSETCATALOG_COMPILER_APPICON_NAME = AppIcon;
				CODE_SIGN_IDENTITY = "iPhone Developer";
				"CODE_SIGN_IDENTITY[sdk=iphoneos*]" = "iPhone Developer";
				DEVELOPMENT_TEAM = "";
				FRAMEWORK_SEARCH_PATHS = (
					"$(SRCROOT)/../framework/iphonesimulator/**",
					"$(PROJECT_DIR)",
				);
				INFOPLIST_FILE = CameraDemo/Info.plist;
				LD_RUNPATH_SEARCH_PATHS = "$(inherited) @executable_path/Frameworks";
				PRODUCT_BUNDLE_IDENTIFIER = com.xiaoyi.camera.CameraDemo;
				PRODUCT_NAME = "$(TARGET_NAME)";
				PROVISIONING_PROFILE = "";
				STRIP_INSTALLED_PRODUCT = YES;
				SWIFT_VERSION = 3.0.1;
			};
			name = Debug;
		};
		105922521D5988310044DB8A /* Release */ = {
			isa = XCBuildConfiguration;
			buildSettings = {
				ASSETCATALOG_COMPILER_APPICON_NAME = AppIcon;
				CODE_SIGN_IDENTITY = "iPhone Developer";
				"CODE_SIGN_IDENTITY[sdk=iphoneos*]" = "iPhone Developer";
				DEVELOPMENT_TEAM = "";
				FRAMEWORK_SEARCH_PATHS = (
					"$(SRCROOT)/../framework/iphonesimulator/**",
					"$(PROJECT_DIR)",
				);
				INFOPLIST_FILE = CameraDemo/Info.plist;
				LD_RUNPATH_SEARCH_PATHS = "$(inherited) @executable_path/Frameworks";
				PRODUCT_BUNDLE_IDENTIFIER = com.xiaoyi.camera.CameraDemo;
				PRODUCT_NAME = "$(TARGET_NAME)";
				PROVISIONING_PROFILE = "";
				STRIP_INSTALLED_PRODUCT = YES;
				SWIFT_VERSION = 3.0.1;
			};
			name = Release;
		};
/* End XCBuildConfiguration section */

/* Begin XCConfigurationList section */
		105922391D5988310044DB8A /* Build configuration list for PBXProject "CameraDemo" */ = {
			isa = XCConfigurationList;
			buildConfigurations = (
				1059224E1D5988310044DB8A /* Debug */,
				1059224F1D5988310044DB8A /* Release */,
			);
			defaultConfigurationIsVisible = 0;
			defaultConfigurationName = Release;
		};
		105922501D5988310044DB8A /* Build configuration list for PBXNativeTarget "CameraDemo" */ = {
			isa = XCConfigurationList;
			buildConfigurations = (
				105922511D5988310044DB8A /* Debug */,
				105922521D5988310044DB8A /* Release */,
			);
			defaultConfigurationIsVisible = 0;
			defaultConfigurationName = Release;
		};
/* End XCConfigurationList section */
	};
	rootObject = 105922361D5988310044DB8A /* Project object */;
}
